
Microsoft Visual Studio Solution File, Format Version 12.00
# Visual Studio Version 17
VisualStudioVersion = 17.9.34616.47
MinimumVisualStudioVersion = 10.0.40219.1
Project("{FAE04EC0-301F-11D3-BF4B-00C04F79EFBC}") = "test mindbox", "test mindbox\test mindbox.csproj", "{644ACA87-E830-4B83-B214-83D5DCDAC4D6}"
EndProject
Project("{FAE04EC0-301F-11D3-BF4B-00C04F79EFBC}") = "test mindbox test", "test mindbox test\test mindbox test.csproj", "{10C174F3-A9F3-4AB0-926E-5D7CA4BCB9B0}"
EndProject
Global
	GlobalSection(SolutionConfigurationPlatforms) = preSolution
		Debug|Any CPU = Debug|Any CPU
		Release|Any CPU = Release|Any CPU
	EndGlobalSection
	GlobalSection(ProjectConfigurationPlatforms) = postSolution
		{644ACA87-E830-4B83-B214-83D5DCDAC4D6}.Debug|Any CPU.ActiveCfg = Debug|Any CPU
		{644ACA87-E830-4B83-B214-83D5DCDAC4D6}.Debug|Any CPU.Build.0 = Debug|Any CPU
		{644ACA87-E830-4B83-B214-83D5DCDAC4D6}.Release|Any CPU.ActiveCfg = Release|Any CPU
		{644ACA87-E830-4B83-B214-83D5DCDAC4D6}.Release|Any CPU.Build.0 = Release|Any CPU
		{10C174F3-A9F3-4AB0-926E-5D7CA4BCB9B0}.Debug|Any CPU.ActiveCfg = Debug|Any CPU
		{10C174F3-A9F3-4AB0-926E-5D7CA4BCB9B0}.Debug|Any CPU.Build.0 = Debug|Any CPU
		{10C174F3-A9F3-4AB0-926E-5D7CA4BCB9B0}.Release|Any CPU.ActiveCfg = Release|Any CPU
		{10C174F3-A9F3-4AB0-926E-5D7CA4BCB9B0}.Release|Any CPU.Build.0 = Release|Any CPU
	EndGlobalSection
	GlobalSection(SolutionProperties) = preSolution
		HideSolutionNode = FALSE
	EndGlobalSection
	GlobalSection(ExtensibilityGlobals) = postSolution
		SolutionGuid = {811CCDCD-BD73-4EC3-9282-BA2D142F2862}
	EndGlobalSection
EndGlobal
